{
    "_readme": [
        "This file locks the dependencies of your project to a known state",
        "Read more about it at https://getcomposer.org/doc/01-basic-usage.md#composer-lock-the-lock-file",
        "This file is @generated automatically"
    ],
    "content-hash": "7d623f923b896cd54ac9baa46c7e26d0",
    "packages": [
        {
            "name": "wandersonwhcr/romans",
            "version": "v1.0.0",
            "source": {
                "type": "git",
                "url": "https://github.com/wandersonwhcr/romans.git",
                "reference": "7b2438abde4b9334a8be4630246f5827bf271481"
            },
            "dist": {
                "type": "zip",
                "url": "https://api.github.com/repos/wandersonwhcr/romans/zipball/7b2438abde4b9334a8be4630246f5827bf271481",
                "reference": "7b2438abde4b9334a8be4630246f5827bf271481",
                "shasum": ""
            },
            "require": {
                "php": "^7.0"
            },
            "require-dev": {
                "phpunit/phpunit": "6.1.*"
            },
            "type": "library",
            "extra": {
                "branch-alias": {
                    "dev-develop": "1.0.x-dev"
                }
            },
            "autoload": {
                "psr-4": {
                    "Romans\\": "src"
                }
            },
            "notification-url": "https://packagist.org/downloads/",
            "description": "A Simple PHP Roman Numerals Library",
            "keywords": [
                "roman-numerals"
            ],
            "time": "2017-04-09T20:36:59+00:00"
        }
    ],
    "packages-dev": [],
    "aliases": [],
    "minimum-stability": "stable",
    "stability-flags": [],
    "prefer-stable": false,
    "prefer-lowest": false,
    "platform": [],
    "platform-dev": []
}
